
Microsoft Visual Studio Solution File, Format Version 12.00
# Visual Studio Version 17
VisualStudioVersion = 17.3.32929.385
MinimumVisualStudioVersion = 10.0.40219.1
Project("{9A19103F-16F7-4668-BE54-9A1E7A4F7556}") = "RedisApp", "RedisApp\RedisApp.csproj", "{864711A9-F9B1-480C-90D0-9F376959EB08}"
EndProject
Project("{E53339B2-1760-4266-BCC7-CA923CBCF16C}") = "docker-compose", "docker-compose.dcproj", "{AB1CE099-FD0C-4487-A70B-706A3F933283}"
EndProject
Global
	GlobalSection(SolutionConfigurationPlatforms) = preSolution
		Debug|Any CPU = Debug|Any CPU
		Release|Any CPU = Release|Any CPU
	EndGlobalSection
	GlobalSection(ProjectConfigurationPlatforms) = postSolution
		{864711A9-F9B1-480C-90D0-9F376959EB08}.Debug|Any CPU.ActiveCfg = Debug|Any CPU
		{864711A9-F9B1-480C-90D0-9F376959EB08}.Debug|Any CPU.Build.0 = Debug|Any CPU
		{864711A9-F9B1-480C-90D0-9F376959EB08}.Release|Any CPU.ActiveCfg = Release|Any CPU
		{864711A9-F9B1-480C-90D0-9F376959EB08}.Release|Any CPU.Build.0 = Release|Any CPU
		{AB1CE099-FD0C-4487-A70B-706A3F933283}.Debug|Any CPU.ActiveCfg = Debug|Any CPU
		{AB1CE099-FD0C-4487-A70B-706A3F933283}.Debug|Any CPU.Build.0 = Debug|Any CPU
		{AB1CE099-FD0C-4487-A70B-706A3F933283}.Release|Any CPU.ActiveCfg = Release|Any CPU
		{AB1CE099-FD0C-4487-A70B-706A3F933283}.Release|Any CPU.Build.0 = Release|Any CPU
	EndGlobalSection
	GlobalSection(SolutionProperties) = preSolution
		HideSolutionNode = FALSE
	EndGlobalSection
	GlobalSection(ExtensibilityGlobals) = postSolution
		SolutionGuid = {67BF8FBD-CD73-4992-B9CC-C13015231B97}
	EndGlobalSection
EndGlobal
